<?xml version="1.0" encoding="utf-8"?>
<Project ToolsVersion="4.0" xmlns="http://schemas.microsoft.com/developer/msbuild/2003">
  <ItemGroup>
    <Filter Include="Source Files">
      <UniqueIdentifier>{4FC737F1-C7A5-4376-A066-2A32D752A2FF}</UniqueIdentifier>
      <Extensions>cpp;c;cc;cxx;def;odl;idl;hpj;bat;asm;asmx</Extensions>
    </Filter>
    <Filter Include="Header Files">
      <UniqueIdentifier>{93995380-89BD-4b04-88EB-625FBE52EBFB}</UniqueIdentifier>
      <Extensions>h;hpp;hxx;hm;inl;inc;xsd</Extensions>
    </Filter>
    <Filter Include="Resource Files">
      <UniqueIdentifier>{67DA6AB6-F800-4c08-8B7A-83BB121AAD01}</UniqueIdentifier>
      <Extensions>rc;ico;cur;bmp;dlg;rc2;rct;bin;rgs;gif;jpg;jpeg;jpe;resx;tiff;tif;png;wav</Extensions>
    </Filter>
  </ItemGroup>
  <ItemGroup>
    <ClCompile Include="erizo\src\erizo\DtlsTransport.cpp">
      <Filter>Source Files</Filter>
    </ClCompile>
    <ClCompile Include="erizo\src\erizo\NiceConnection.cpp">
      <Filter>Source Files</Filter>
    </ClCompile>
    <ClCompile Include="erizo\src\erizo\OneToManyProcessor.cpp">
      <Filter>Source Files</Filter>
    </ClCompile>
    <ClCompile Include="erizo\src\erizo\SdpInfo.cpp">
      <Filter>Source Files</Filter>
    </ClCompile>
    <ClCompile Include="erizo\src\erizo\SrtpChannel.cpp">
      <Filter>Source Files</Filter>
    </ClCompile>
    <ClCompile Include="erizo\src\erizo\Stats.cpp">
      <Filter>Source Files</Filter>
    </ClCompile>
    <ClCompile Include="erizo\src\erizo\StringUtil.cpp">
      <Filter>Source Files</Filter>
    </ClCompile>
    <ClCompile Include="erizo\src\erizo\WebRtcConnection.cpp">
      <Filter>Source Files</Filter>
    </ClCompile>
    <ClCompile Include="erizo\src\erizo\dtls\DtlsClient.cpp">
      <Filter>Source Files</Filter>
    </ClCompile>
    <ClCompile Include="erizo\src\erizo\dtls\DtlsSocket.cpp">
      <Filter>Source Files</Filter>
    </ClCompile>
    <ClCompile Include="erizo\src\erizo\dtls\DtlsTimer.cpp">
      <Filter>Source Files</Filter>
    </ClCompile>
    <ClCompile Include="erizo\src\erizo\dtls\OpenSSLInit.cpp">
      <Filter>Source Files</Filter>
    </ClCompile>
    <ClCompile Include="erizo\src\erizo\dtls\bf_dwrap.c">
      <Filter>Source Files</Filter>
    </ClCompile>
    <ClCompile Include="erizo\src\erizo\media\ExternalInput.cpp">
      <Filter>Source Files</Filter>
    </ClCompile>
    <ClCompile Include="erizo\src\erizo\media\ExternalOutput.cpp">
      <Filter>Source Files</Filter>
    </ClCompile>
    <ClCompile Include="erizo\src\erizo\media\MediaProcessor.cpp">
      <Filter>Source Files</Filter>
    </ClCompile>
    <ClCompile Include="erizo\src\erizo\media\OneToManyTranscoder.cpp">
      <Filter>Source Files</Filter>
    </ClCompile>
    <ClCompile Include="erizo\src\erizo\media\codecs\AudioCodec.cpp">
      <Filter>Source Files</Filter>
    </ClCompile>
    <ClCompile Include="erizo\src\erizo\media\codecs\VideoCodec.cpp">
      <Filter>Source Files</Filter>
    </ClCompile>
    <ClCompile Include="erizo\src\erizo\media\mixers\VideoMixer.cpp">
      <Filter>Source Files</Filter>
    </ClCompile>
    <ClCompile Include="erizo\src\erizo\media\mixers\VideoUtils.cpp">
      <Filter>Source Files</Filter>
    </ClCompile>
    <ClCompile Include="erizo\src\erizo\rtp\RtcpAggregator.cpp">
      <Filter>Source Files</Filter>
    </ClCompile>
    <ClCompile Include="erizo\src\erizo\rtp\RtcpForwarder.cpp">
      <Filter>Source Files</Filter>
    </ClCompile>
    <ClCompile Include="erizo\src\erizo\rtp\RtpExtensionProcessor.cpp">
      <Filter>Source Files</Filter>
    </ClCompile>
    <ClCompile Include="erizo\src\erizo\rtp\RtpPacketQueue.cpp">
      <Filter>Source Files</Filter>
    </ClCompile>
    <ClCompile Include="erizo\src\erizo\rtp\RtpSink.cpp">
      <Filter>Source Files</Filter>
    </ClCompile>
    <ClCompile Include="erizo\src\erizo\rtp\RtpSource.cpp">
      <Filter>Source Files</Filter>
    </ClCompile>
    <ClCompile Include="erizo\src\erizo\rtp\RtpVP8Fragmenter.cpp">
      <Filter>Source Files</Filter>
    </ClCompile>
    <ClCompile Include="erizo\src\erizo\rtp\RtpVP8Parser.cpp">
      <Filter>Source Files</Filter>
    </ClCompile>
    <ClCompile Include="erizo\src\erizo\rtp\webrtc\fec_receiver_impl.cc">
      <Filter>Source Files</Filter>
    </ClCompile>
    <ClCompile Include="erizo\src\erizo\rtp\webrtc\forward_error_correction.cc">
      <Filter>Source Files</Filter>
    </ClCompile>
    <ClCompile Include="erizo\src\erizo\rtp\webrtc\forward_error_correction_internal.cc">
      <Filter>Source Files</Filter>
    </ClCompile>
    <ClCompile Include="erizo\src\erizo\rtp\webrtc\rtp_utility.cc">
      <Filter>Source Files</Filter>
    </ClCompile>
    <ClCompile Include="erizo\src\examples\hsam.cpp">
      <Filter>Source Files</Filter>
    </ClCompile>
    <ClCompile Include="erizo\src\examples\Test.cpp">
      <Filter>Source Files</Filter>
    </ClCompile>
    <ClCompile Include="erizo\src\examples\pc\Observer.cpp">
      <Filter>Source Files</Filter>
    </ClCompile>
    <ClCompile Include="erizo\src\examples\pc\PCSocket.cpp">
      <Filter>Source Files</Filter>
    </ClCompile>
    <ClCompile Include="erizo\src\test\main.cpp">
      <Filter>Source Files</Filter>
    </ClCompile>
    <ClCompile Include="erizo\src\test\PacketTest.cpp">
      <Filter>Source Files</Filter>
    </ClCompile>
    <ClCompile Include="erizo\src\test\SdpTest.cpp">
      <Filter>Source Files</Filter>
    </ClCompile>
    <ClCompile Include="erizoapi\addon.cc">
      <Filter>Source Files</Filter>
    </ClCompile>
    <ClCompile Include="erizoapi\ExternalInput.cc">
      <Filter>Source Files</Filter>
    </ClCompile>
    <ClCompile Include="erizoapi\ExternalOutput.cc">
      <Filter>Source Files</Filter>
    </ClCompile>
    <ClCompile Include="erizoapi\OneToManyProcessor.cc">
      <Filter>Source Files</Filter>
    </ClCompile>
    <ClCompile Include="erizoapi\OneToManyTranscoder.cc">
      <Filter>Source Files</Filter>
    </ClCompile>
    <ClCompile Include="erizoapi\WebRtcConnection.cc">
      <Filter>Source Files</Filter>
    </ClCompile>
    <ClCompile Include="third_party\srtp\crypto\ae_xfm\xfm.c">
      <Filter>Source Files</Filter>
    </ClCompile>
    <ClCompile Include="third_party\srtp\crypto\cipher\aes.c">
      <Filter>Source Files</Filter>
    </ClCompile>
    <ClCompile Include="third_party\srtp\crypto\cipher\aes_cbc.c">
      <Filter>Source Files</Filter>
    </ClCompile>
    <ClCompile Include="third_party\srtp\crypto\cipher\aes_icm.c">
      <Filter>Source Files</Filter>
    </ClCompile>
    <ClCompile Include="third_party\srtp\crypto\cipher\cipher.c">
      <Filter>Source Files</Filter>
    </ClCompile>
    <ClCompile Include="third_party\srtp\crypto\cipher\null_cipher.c">
      <Filter>Source Files</Filter>
    </ClCompile>
    <ClCompile Include="third_party\srtp\crypto\hash\auth.c">
      <Filter>Source Files</Filter>
    </ClCompile>
    <ClCompile Include="third_party\srtp\crypto\hash\hmac.c">
      <Filter>Source Files</Filter>
    </ClCompile>
    <ClCompile Include="third_party\srtp\crypto\hash\null_auth.c">
      <Filter>Source Files</Filter>
    </ClCompile>
    <ClCompile Include="third_party\srtp\crypto\hash\sha1.c">
      <Filter>Source Files</Filter>
    </ClCompile>
    <ClCompile Include="third_party\srtp\crypto\kernel\alloc.c">
      <Filter>Source Files</Filter>
    </ClCompile>
    <ClCompile Include="third_party\srtp\crypto\kernel\crypto_kernel.c">
      <Filter>Source Files</Filter>
    </ClCompile>
    <ClCompile Include="third_party\srtp\crypto\kernel\err.c">
      <Filter>Source Files</Filter>
    </ClCompile>
    <ClCompile Include="third_party\srtp\crypto\kernel\key.c">
      <Filter>Source Files</Filter>
    </ClCompile>
    <ClCompile Include="third_party\srtp\crypto\math\datatypes.c">
      <Filter>Source Files</Filter>
    </ClCompile>
    <ClCompile Include="third_party\srtp\crypto\math\gf2_8.c">
      <Filter>Source Files</Filter>
    </ClCompile>
    <ClCompile Include="third_party\srtp\crypto\math\math.c">
      <Filter>Source Files</Filter>
    </ClCompile>
    <ClCompile Include="third_party\srtp\crypto\math\stat.c">
      <Filter>Source Files</Filter>
    </ClCompile>
    <ClCompile Include="third_party\srtp\crypto\replay\rdb.c">
      <Filter>Source Files</Filter>
    </ClCompile>
    <ClCompile Include="third_party\srtp\crypto\replay\rdbx.c">
      <Filter>Source Files</Filter>
    </ClCompile>
    <ClCompile Include="third_party\srtp\crypto\replay\ut_sim.c">
      <Filter>Source Files</Filter>
    </ClCompile>
    <ClCompile Include="third_party\srtp\crypto\rng\ctr_prng.c">
      <Filter>Source Files</Filter>
    </ClCompile>
    <ClCompile Include="third_party\srtp\crypto\rng\prng.c">
      <Filter>Source Files</Filter>
    </ClCompile>
    <ClCompile Include="third_party\srtp\crypto\rng\rand_linux_kernel.c">
      <Filter>Source Files</Filter>
    </ClCompile>
    <ClCompile Include="third_party\srtp\crypto\rng\rand_source.c">
      <Filter>Source Files</Filter>
    </ClCompile>
    <ClCompile Include="third_party\srtp\crypto\test\aes_calc.c">
      <Filter>Source Files</Filter>
    </ClCompile>
    <ClCompile Include="third_party\srtp\crypto\test\auth_driver.c">
      <Filter>Source Files</Filter>
    </ClCompile>
    <ClCompile Include="third_party\srtp\crypto\test\cipher_driver.c">
      <Filter>Source Files</Filter>
    </ClCompile>
    <ClCompile Include="third_party\srtp\crypto\test\datatypes_driver.c">
      <Filter>Source Files</Filter>
    </ClCompile>
    <ClCompile Include="third_party\srtp\crypto\test\env.c">
      <Filter>Source Files</Filter>
    </ClCompile>
    <ClCompile Include="third_party\srtp\crypto\test\kernel_driver.c">
      <Filter>Source Files</Filter>
    </ClCompile>
    <ClCompile Include="third_party\srtp\crypto\test\rand_gen.c">
      <Filter>Source Files</Filter>
    </ClCompile>
    <ClCompile Include="third_party\srtp\crypto\test\sha1_driver.c">
      <Filter>Source Files</Filter>
    </ClCompile>
    <ClCompile Include="third_party\srtp\crypto\test\stat_driver.c">
      <Filter>Source Files</Filter>
    </ClCompile>
    <ClCompile Include="third_party\srtp\srtp\ekt.c">
      <Filter>Source Files</Filter>
    </ClCompile>
    <ClCompile Include="third_party\srtp\srtp\srtp.c">
      <Filter>Source Files</Filter>
    </ClCompile>
    <ClCompile Include="third_party\srtp\tables\aes_tables.c">
      <Filter>Source Files</Filter>
    </ClCompile>
    <ClCompile Include="third_party\srtp\test\dtls_srtp_driver.c">
      <Filter>Source Files</Filter>
    </ClCompile>
    <ClCompile Include="third_party\srtp\test\getopt_s.c">
      <Filter>Source Files</Filter>
    </ClCompile>
    <ClCompile Include="third_party\srtp\test\lfsr.c">
      <Filter>Source Files</Filter>
    </ClCompile>
    <ClCompile Include="third_party\srtp\test\rdbx_driver.c">
      <Filter>Source Files</Filter>
    </ClCompile>
    <ClCompile Include="third_party\srtp\test\replay_driver.c">
      <Filter>Source Files</Filter>
    </ClCompile>
    <ClCompile Include="third_party\srtp\test\roc_driver.c">
      <Filter>Source Files</Filter>
    </ClCompile>
    <ClCompile Include="third_party\srtp\test\rtp.c">
      <Filter>Source Files</Filter>
    </ClCompile>
    <ClCompile Include="third_party\srtp\test\rtpw.c">
      <Filter>Source Files</Filter>
    </ClCompile>
    <ClCompile Include="third_party\srtp\test\srtp_driver.c">
      <Filter>Source Files</Filter>
    </ClCompile>
  </ItemGroup>
  <ItemGroup>
    <None Include="third_party\srtp\srtp.def">
      <Filter>Source Files</Filter>
    </None>
    <None Include="erizo_controller\common\amqper.js" />
    <None Include="erizo_controller\common\logger.js" />
    <None Include="erizo_controller\erizoagent\erizoAgent.js" />
    <None Include="erizo_controller\erizoagent\erizoAgentReporter.js" />
    <None Include="erizo_controller\erizoclient\extras\chrome-extension\script.js" />
    <None Include="erizo_controller\erizoclient\extras\firefox-extension\bootstrap.js" />
    <None Include="erizo_controller\erizoclient\lib\socket.io.js" />
    <None Include="erizo_controller\erizoclient\src\Connection.js" />
    <None Include="erizo_controller\erizoclient\src\Events.js" />
    <None Include="erizo_controller\erizoclient\src\Room.js" />
    <None Include="erizo_controller\erizoclient\src\Stream.js" />
    <None Include="erizo_controller\erizoclient\src\utils\L.Base64.js" />
    <None Include="erizo_controller\erizoclient\src\utils\L.Logger.js" />
    <None Include="erizo_controller\erizoclient\src\utils\L.Resizer.js" />
    <None Include="erizo_controller\erizoclient\src\views\AudioPlayer.js" />
    <None Include="erizo_controller\erizoclient\src\views\Bar.js" />
    <None Include="erizo_controller\erizoclient\src\views\Speaker.js" />
    <None Include="erizo_controller\erizoclient\src\views\VideoPlayer.js" />
    <None Include="erizo_controller\erizoclient\src\views\View.js" />
    <None Include="erizo_controller\erizoclient\src\webrtc-stacks\BowserStack.js" />
    <None Include="erizo_controller\erizoclient\src\webrtc-stacks\ChromeCanaryStack.js" />
    <None Include="erizo_controller\erizoclient\src\webrtc-stacks\ChromeRoapStack.js" />
    <None Include="erizo_controller\erizoclient\src\webrtc-stacks\ChromeStableStack.js" />
    <None Include="erizo_controller\erizoclient\src\webrtc-stacks\FcStack.js" />
    <None Include="erizo_controller\erizoclient\src\webrtc-stacks\FirefoxStack.js" />
    <None Include="erizo_controller\erizocontroller\ecch.js" />
    <None Include="erizo_controller\erizocontroller\erizoController.js" />
    <None Include="erizo_controller\erizocontroller\permission.js" />
    <None Include="erizo_controller\erizocontroller\roomController.js" />
    <None Include="erizo_controller\erizocontroller\Stream.js" />
    <None Include="erizo_controller\erizocontroller\ch_policies\default_policy.js" />
    <None Include="erizo_controller\erizocontroller\rpc\rpcPublic.js" />
    <None Include="erizo_controller\erizojs\erizoJS.js" />
    <None Include="erizo_controller\erizojs\erizoJSController.js" />
    <None Include="erizo_controller\erizojs\adapt_schemes\notify-break-recover.js" />
    <None Include="erizo_controller\erizojs\adapt_schemes\notify-break.js" />
    <None Include="erizo_controller\erizojs\adapt_schemes\notify.js" />
    <None Include="erizo_controller\erizojs\rpc\rpcPublic.js" />
    <None Include="extras\basic_example\basicServer.js" />
    <None Include="extras\basic_example\public\connection_test.html" />
    <None Include="extras\basic_example\public\index.html" />
    <None Include="extras\basic_example\public\connection_test.js" />
    <None Include="extras\basic_example\public\script.js" />
    <None Include="nuve\nuveapi\cloudHandler.js" />
    <None Include="nuve\nuveapi\logger.js" />
    <None Include="nuve\nuveapi\nuve.js" />
    <None Include="nuve\nuveapi\auth\mauthParser.js" />
    <None Include="nuve\nuveapi\auth\nuveAuthenticator.js" />
    <None Include="nuve\nuveapi\ch_policies\default_policy.js" />
    <None Include="nuve\nuveapi\mdb\dataBase.js" />
    <None Include="nuve\nuveapi\mdb\roomRegistry.js" />
    <None Include="nuve\nuveapi\mdb\serviceRegistry.js" />
    <None Include="nuve\nuveapi\mdb\tokenRegistry.js" />
    <None Include="nuve\nuveapi\resource\roomResource.js" />
    <None Include="nuve\nuveapi\resource\roomsResource.js" />
    <None Include="nuve\nuveapi\resource\serviceResource.js" />
    <None Include="nuve\nuveapi\resource\servicesResource.js" />
    <None Include="nuve\nuveapi\resource\tokensResource.js" />
    <None Include="nuve\nuveapi\resource\userResource.js" />
    <None Include="nuve\nuveapi\resource\usersResource.js" />
    <None Include="nuve\nuveapi\rpc\rpc.js" />
    <None Include="nuve\nuveapi\rpc\rpcPublic.js" />
    <None Include="nuve\nuveclient\lib\xmlhttprequest.js" />
    <None Include="nuve\nuveclient\src\hmac-sha1.js" />
    <None Include="nuve\nuveclient\src\N.API.js" />
    <None Include="nuve\nuveclient\src\N.Base64.js" />
    <None Include="nuve\nuveclient\src\N.js" />
    <None Include="nuve\nuveclient_python\nuve.py" />
    <None Include="scripts\licode_default.js" />
    <None Include="spine\logger.js" />
    <None Include="spine\nativeClient.js" />
    <None Include="spine\NativeStack.js" />
    <None Include="spine\runSpineClients.js" />
    <None Include="spine\simpleNativeConnection.js" />
    <None Include="test\erizo-test.js" />
    <None Include="test\karma.conf.js" />
    <None Include="test\nuve-api-spec.js" />
    <None Include="test\spine-tests.js" />
  </ItemGroup>
  <ItemGroup>
    <ClInclude Include="erizo\src\erizo\DtlsTransport.h">
      <Filter>Header Files</Filter>
    </ClInclude>
    <ClInclude Include="erizo\src\erizo\logger.h">
      <Filter>Header Files</Filter>
    </ClInclude>
    <ClInclude Include="erizo\src\erizo\MediaDefinitions.h">
      <Filter>Header Files</Filter>
    </ClInclude>
    <ClInclude Include="erizo\src\erizo\NiceConnection.h">
      <Filter>Header Files</Filter>
    </ClInclude>
    <ClInclude Include="erizo\src\erizo\OneToManyProcessor.h">
      <Filter>Header Files</Filter>
    </ClInclude>
    <ClInclude Include="erizo\src\erizo\SdpInfo.h">
      <Filter>Header Files</Filter>
    </ClInclude>
    <ClInclude Include="erizo\src\erizo\SrtpChannel.h">
      <Filter>Header Files</Filter>
    </ClInclude>
    <ClInclude Include="erizo\src\erizo\Stats.h">
      <Filter>Header Files</Filter>
    </ClInclude>
    <ClInclude Include="erizo\src\erizo\StringUtil.h">
      <Filter>Header Files</Filter>
    </ClInclude>
    <ClInclude Include="erizo\src\erizo\Transport.h">
      <Filter>Header Files</Filter>
    </ClInclude>
    <ClInclude Include="erizo\src\erizo\WebRtcConnection.h">
      <Filter>Header Files</Filter>
    </ClInclude>
    <ClInclude Include="erizo\src\erizo\dtls\bf_dwrap.h">
      <Filter>Header Files</Filter>
    </ClInclude>
    <ClInclude Include="erizo\src\erizo\dtls\config.h">
      <Filter>Header Files</Filter>
    </ClInclude>
    <ClInclude Include="erizo\src\erizo\dtls\DtlsSocket.h">
      <Filter>Header Files</Filter>
    </ClInclude>
    <ClInclude Include="erizo\src\erizo\dtls\DtlsTimer.h">
      <Filter>Header Files</Filter>
    </ClInclude>
    <ClInclude Include="erizo\src\erizo\dtls\OpenSSLInit.h">
      <Filter>Header Files</Filter>
    </ClInclude>
    <ClInclude Include="erizo\src\erizo\media\ExternalInput.h">
      <Filter>Header Files</Filter>
    </ClInclude>
    <ClInclude Include="erizo\src\erizo\media\ExternalOutput.h">
      <Filter>Header Files</Filter>
    </ClInclude>
    <ClInclude Include="erizo\src\erizo\media\MediaProcessor.h">
      <Filter>Header Files</Filter>
    </ClInclude>
    <ClInclude Include="erizo\src\erizo\media\OneToManyTranscoder.h">
      <Filter>Header Files</Filter>
    </ClInclude>
    <ClInclude Include="erizo\src\erizo\media\codecs\AudioCodec.h">
      <Filter>Header Files</Filter>
    </ClInclude>
    <ClInclude Include="erizo\src\erizo\media\codecs\Codecs.h">
      <Filter>Header Files</Filter>
    </ClInclude>
    <ClInclude Include="erizo\src\erizo\media\codecs\VideoCodec.h">
      <Filter>Header Files</Filter>
    </ClInclude>
    <ClInclude Include="erizo\src\erizo\media\mixers\VideoMixer.h">
      <Filter>Header Files</Filter>
    </ClInclude>
    <ClInclude Include="erizo\src\erizo\media\mixers\VideoUtils.h">
      <Filter>Header Files</Filter>
    </ClInclude>
    <ClInclude Include="erizo\src\erizo\rtp\RtcpAggregator.h">
      <Filter>Header Files</Filter>
    </ClInclude>
    <ClInclude Include="erizo\src\erizo\rtp\RtcpForwarder.h">
      <Filter>Header Files</Filter>
    </ClInclude>
    <ClInclude Include="erizo\src\erizo\rtp\RtcpProcessor.h">
      <Filter>Header Files</Filter>
    </ClInclude>
    <ClInclude Include="erizo\src\erizo\rtp\RtpExtensionProcessor.h">
      <Filter>Header Files</Filter>
    </ClInclude>
    <ClInclude Include="erizo\src\erizo\rtp\RtpHeaders.h">
      <Filter>Header Files</Filter>
    </ClInclude>
    <ClInclude Include="erizo\src\erizo\rtp\RtpPacketQueue.h">
      <Filter>Header Files</Filter>
    </ClInclude>
    <ClInclude Include="erizo\src\erizo\rtp\RtpSink.h">
      <Filter>Header Files</Filter>
    </ClInclude>
    <ClInclude Include="erizo\src\erizo\rtp\RtpSource.h">
      <Filter>Header Files</Filter>
    </ClInclude>
    <ClInclude Include="erizo\src\erizo\rtp\RtpVP8Fragmenter.h">
      <Filter>Header Files</Filter>
    </ClInclude>
    <ClInclude Include="erizo\src\erizo\rtp\RtpVP8Parser.h">
      <Filter>Header Files</Filter>
    </ClInclude>
    <ClInclude Include="erizo\src\erizo\rtp\webrtc\fec_private_tables_bursty.h">
      <Filter>Header Files</Filter>
    </ClInclude>
    <ClInclude Include="erizo\src\erizo\rtp\webrtc\fec_private_tables_random.h">
      <Filter>Header Files</Filter>
    </ClInclude>
    <ClInclude Include="erizo\src\erizo\rtp\webrtc\fec_receiver_impl.h">
      <Filter>Header Files</Filter>
    </ClInclude>
    <ClInclude Include="erizo\src\erizo\rtp\webrtc\forward_error_correction.h">
      <Filter>Header Files</Filter>
    </ClInclude>
    <ClInclude Include="erizo\src\erizo\rtp\webrtc\forward_error_correction_internal.h">
      <Filter>Header Files</Filter>
    </ClInclude>
    <ClInclude Include="erizo\src\erizo\rtp\webrtc\rtp_utility.h">
      <Filter>Header Files</Filter>
    </ClInclude>
    <ClInclude Include="erizo\src\erizo\rtp\webrtc\scoped_refptr.h">
      <Filter>Header Files</Filter>
    </ClInclude>
    <ClInclude Include="erizo\src\examples\Test.h">
      <Filter>Header Files</Filter>
    </ClInclude>
    <ClInclude Include="erizo\src\examples\pc\Observer.h">
      <Filter>Header Files</Filter>
    </ClInclude>
    <ClInclude Include="erizo\src\examples\pc\PCSocket.h">
      <Filter>Header Files</Filter>
    </ClInclude>
    <ClInclude Include="erizo\src\examples\pc\SDPReceiver.h">
      <Filter>Header Files</Filter>
    </ClInclude>
    <ClInclude Include="erizoapi\ExternalInput.h">
      <Filter>Header Files</Filter>
    </ClInclude>
    <ClInclude Include="erizoapi\ExternalOutput.h">
      <Filter>Header Files</Filter>
    </ClInclude>
    <ClInclude Include="erizoapi\MediaDefinitions.h">
      <Filter>Header Files</Filter>
    </ClInclude>
    <ClInclude Include="erizoapi\OneToManyProcessor.h">
      <Filter>Header Files</Filter>
    </ClInclude>
    <ClInclude Include="erizoapi\OneToManyTranscoder.h">
      <Filter>Header Files</Filter>
    </ClInclude>
    <ClInclude Include="erizoapi\WebRtcConnection.h">
      <Filter>Header Files</Filter>
    </ClInclude>
    <ClInclude Include="third_party\srtp\config_in.h">
      <Filter>Header Files</Filter>
    </ClInclude>
    <ClInclude Include="third_party\srtp\crypto\include\aes.h">
      <Filter>Header Files</Filter>
    </ClInclude>
    <ClInclude Include="third_party\srtp\crypto\include\aes_cbc.h">
      <Filter>Header Files</Filter>
    </ClInclude>
    <ClInclude Include="third_party\srtp\crypto\include\aes_icm.h">
      <Filter>Header Files</Filter>
    </ClInclude>
    <ClInclude Include="third_party\srtp\crypto\include\alloc.h">
      <Filter>Header Files</Filter>
    </ClInclude>
    <ClInclude Include="third_party\srtp\crypto\include\auth.h">
      <Filter>Header Files</Filter>
    </ClInclude>
    <ClInclude Include="third_party\srtp\crypto\include\cipher.h">
      <Filter>Header Files</Filter>
    </ClInclude>
    <ClInclude Include="third_party\srtp\crypto\include\crypto.h">
      <Filter>Header Files</Filter>
    </ClInclude>
    <ClInclude Include="third_party\srtp\crypto\include\cryptoalg.h">
      <Filter>Header Files</Filter>
    </ClInclude>
    <ClInclude Include="third_party\srtp\crypto\include\crypto_kernel.h">
      <Filter>Header Files</Filter>
    </ClInclude>
    <ClInclude Include="third_party\srtp\crypto\include\crypto_math.h">
      <Filter>Header Files</Filter>
    </ClInclude>
    <ClInclude Include="third_party\srtp\crypto\include\crypto_types.h">
      <Filter>Header Files</Filter>
    </ClInclude>
    <ClInclude Include="third_party\srtp\crypto\include\datatypes.h">
      <Filter>Header Files</Filter>
    </ClInclude>
    <ClInclude Include="third_party\srtp\crypto\include\err.h">
      <Filter>Header Files</Filter>
    </ClInclude>
    <ClInclude Include="third_party\srtp\crypto\include\gf2_8.h">
      <Filter>Header Files</Filter>
    </ClInclude>
    <ClInclude Include="third_party\srtp\crypto\include\hmac.h">
      <Filter>Header Files</Filter>
    </ClInclude>
    <ClInclude Include="third_party\srtp\crypto\include\integers.h">
      <Filter>Header Files</Filter>
    </ClInclude>
    <ClInclude Include="third_party\srtp\crypto\include\kernel_compat.h">
      <Filter>Header Files</Filter>
    </ClInclude>
    <ClInclude Include="third_party\srtp\crypto\include\key.h">
      <Filter>Header Files</Filter>
    </ClInclude>
    <ClInclude Include="third_party\srtp\crypto\include\null_auth.h">
      <Filter>Header Files</Filter>
    </ClInclude>
    <ClInclude Include="third_party\srtp\crypto\include\null_cipher.h">
      <Filter>Header Files</Filter>
    </ClInclude>
    <ClInclude Include="third_party\srtp\crypto\include\prng.h">
      <Filter>Header Files</Filter>
    </ClInclude>
    <ClInclude Include="third_party\srtp\crypto\include\rand_source.h">
      <Filter>Header Files</Filter>
    </ClInclude>
    <ClInclude Include="third_party\srtp\crypto\include\rdb.h">
      <Filter>Header Files</Filter>
    </ClInclude>
    <ClInclude Include="third_party\srtp\crypto\include\rdbx.h">
      <Filter>Header Files</Filter>
    </ClInclude>
    <ClInclude Include="third_party\srtp\crypto\include\sha1.h">
      <Filter>Header Files</Filter>
    </ClInclude>
    <ClInclude Include="third_party\srtp\crypto\include\stat.h">
      <Filter>Header Files</Filter>
    </ClInclude>
    <ClInclude Include="third_party\srtp\crypto\include\xfm.h">
      <Filter>Header Files</Filter>
    </ClInclude>
    <ClInclude Include="third_party\srtp\include\ekt.h">
      <Filter>Header Files</Filter>
    </ClInclude>
    <ClInclude Include="third_party\srtp\include\getopt_s.h">
      <Filter>Header Files</Filter>
    </ClInclude>
    <ClInclude Include="third_party\srtp\include\rtp.h">
      <Filter>Header Files</Filter>
    </ClInclude>
    <ClInclude Include="third_party\srtp\include\rtp_priv.h">
      <Filter>Header Files</Filter>
    </ClInclude>
    <ClInclude Include="third_party\srtp\include\srtp.h">
      <Filter>Header Files</Filter>
    </ClInclude>
    <ClInclude Include="third_party\srtp\include\srtp_priv.h">
      <Filter>Header Files</Filter>
    </ClInclude>
    <ClInclude Include="third_party\srtp\include\ut_sim.h">
      <Filter>Header Files</Filter>
    </ClInclude>
  </ItemGroup>
</Project>